
Microsoft Visual Studio Solution File, Format Version 12.00
# Visual Studio Version 16
VisualStudioVersion = 16.0.31205.134
MinimumVisualStudioVersion = 10.0.40219.1
Project("{8BC9CEB8-8B4A-11D0-8D11-00A0C91BC942}") = "N Converter", "N Converter\N Converter.vcxproj", "{19CE6F5B-10E2-4408-BE30-6A49F727D18D}"
EndProject
Global
	GlobalSection(SolutionConfigurationPlatforms) = preSolution
		Debug|x64 = Debug|x64
		Debug|x86 = Debug|x86
		Release|x64 = Release|x64
		Release|x86 = Release|x86
	EndGlobalSection
	GlobalSection(ProjectConfigurationPlatforms) = postSolution
		{19CE6F5B-10E2-4408-BE30-6A49F727D18D}.Debug|x64.ActiveCfg = Debug|x64
		{19CE6F5B-10E2-4408-BE30-6A49F727D18D}.Debug|x64.Build.0 = Debug|x64
		{19CE6F5B-10E2-4408-BE30-6A49F727D18D}.Debug|x86.ActiveCfg = Debug|Win32
		{19CE6F5B-10E2-4408-BE30-6A49F727D18D}.Debug|x86.Build.0 = Debug|Win32
		{19CE6F5B-10E2-4408-BE30-6A49F727D18D}.Release|x64.ActiveCfg = Release|x64
		{19CE6F5B-10E2-4408-BE30-6A49F727D18D}.Release|x64.Build.0 = Release|x64
		{19CE6F5B-10E2-4408-BE30-6A49F727D18D}.Release|x86.ActiveCfg = Release|Win32
		{19CE6F5B-10E2-4408-BE30-6A49F727D18D}.Release|x86.Build.0 = Release|Win32
	EndGlobalSection
	GlobalSection(SolutionProperties) = preSolution
		HideSolutionNode = FALSE
	EndGlobalSection
	GlobalSection(ExtensibilityGlobals) = postSolution
		SolutionGuid = {77A1534D-815D-4333-9C0A-31D380478FF1}
	EndGlobalSection
EndGlobal
